
Microsoft Visual Studio Solution File, Format Version 12.00
# Visual Studio 15
VisualStudioVersion = 15.0.27428.2015
MinimumVisualStudioVersion = 10.0.40219.1
Project("{FAE04EC0-301F-11D3-BF4B-00C04F79EFBC}") = "WhatsMenu.Android", "WhatsMenu\WhatsMenu.Android\WhatsMenu.Android.csproj", "{1D061AD4-CE5B-4578-A5E4-0162DDC9DEAE}"
EndProject
Project("{FAE04EC0-301F-11D3-BF4B-00C04F79EFBC}") = "WhatsMenu.iOS", "WhatsMenu\WhatsMenu.iOS\WhatsMenu.iOS.csproj", "{62EB96C0-01F2-456F-A444-5325DAFE5E12}"
EndProject
Project("{FAE04EC0-301F-11D3-BF4B-00C04F79EFBC}") = "WhatsMenu", "WhatsMenu\WhatsMenu\WhatsMenu.csproj", "{40BB371D-9173-497D-9491-423C5076CD25}"
EndProject
Global
	GlobalSection(SolutionConfigurationPlatforms) = preSolution
		Ad-Hoc|Any CPU = Ad-Hoc|Any CPU
		Ad-Hoc|iPhone = Ad-Hoc|iPhone
		Ad-Hoc|iPhoneSimulator = Ad-Hoc|iPhoneSimulator
		AppStore|Any CPU = AppStore|Any CPU
		AppStore|iPhone = AppStore|iPhone
		AppStore|iPhoneSimulator = AppStore|iPhoneSimulator
		Debug|Any CPU = Debug|Any CPU
		Debug|iPhone = Debug|iPhone
		Debug|iPhoneSimulator = Debug|iPhoneSimulator
		Release|Any CPU = Release|Any CPU
		Release|iPhone = Release|iPhone
		Release|iPhoneSimulator = Release|iPhoneSimulator
	EndGlobalSection
	GlobalSection(ProjectConfigurationPlatforms) = postSolution
		{1D061AD4-CE5B-4578-A5E4-0162DDC9DEAE}.Ad-Hoc|Any CPU.ActiveCfg = Release|Any CPU
		{1D061AD4-CE5B-4578-A5E4-0162DDC9DEAE}.Ad-Hoc|Any CPU.Build.0 = Release|Any CPU
		{1D061AD4-CE5B-4578-A5E4-0162DDC9DEAE}.Ad-Hoc|Any CPU.Deploy.0 = Release|Any CPU
		{1D061AD4-CE5B-4578-A5E4-0162DDC9DEAE}.Ad-Hoc|iPhone.ActiveCfg = Release|Any CPU
		{1D061AD4-CE5B-4578-A5E4-0162DDC9DEAE}.Ad-Hoc|iPhone.Build.0 = Release|Any CPU
		{1D061AD4-CE5B-4578-A5E4-0162DDC9DEAE}.Ad-Hoc|iPhone.Deploy.0 = Release|Any CPU
		{1D061AD4-CE5B-4578-A5E4-0162DDC9DEAE}.Ad-Hoc|iPhoneSimulator.ActiveCfg = Release|Any CPU
		{1D061AD4-CE5B-4578-A5E4-0162DDC9DEAE}.Ad-Hoc|iPhoneSimulator.Build.0 = Release|Any CPU
		{1D061AD4-CE5B-4578-A5E4-0162DDC9DEAE}.Ad-Hoc|iPhoneSimulator.Deploy.0 = Release|Any CPU
		{1D061AD4-CE5B-4578-A5E4-0162DDC9DEAE}.AppStore|Any CPU.ActiveCfg = Release|Any CPU
		{1D061AD4-CE5B-4578-A5E4-0162DDC9DEAE}.AppStore|Any CPU.Build.0 = Release|Any CPU
		{1D061AD4-CE5B-4578-A5E4-0162DDC9DEAE}.AppStore|Any CPU.Deploy.0 = Release|Any CPU
		{1D061AD4-CE5B-4578-A5E4-0162DDC9DEAE}.AppStore|iPhone.ActiveCfg = Release|Any CPU
		{1D061AD4-CE5B-4578-A5E4-0162DDC9DEAE}.AppStore|iPhone.Build.0 = Release|Any CPU
		{1D061AD4-CE5B-4578-A5E4-0162DDC9DEAE}.AppStore|iPhone.Deploy.0 = Release|Any CPU
		{1D061AD4-CE5B-4578-A5E4-0162DDC9DEAE}.AppStore|iPhoneSimulator.ActiveCfg = Release|Any CPU
		{1D061AD4-CE5B-4578-A5E4-0162DDC9DEAE}.AppStore|iPhoneSimulator.Build.0 = Release|Any CPU
		{1D061AD4-CE5B-4578-A5E4-0162DDC9DEAE}.AppStore|iPhoneSimulator.Deploy.0 = Release|Any CPU
		{1D061AD4-CE5B-4578-A5E4-0162DDC9DEAE}.Debug|Any CPU.ActiveCfg = Debug|Any CPU
		{1D061AD4-CE5B-4578-A5E4-0162DDC9DEAE}.Debug|Any CPU.Build.0 = Debug|Any CPU
		{1D061AD4-CE5B-4578-A5E4-0162DDC9DEAE}.Debug|Any CPU.Deploy.0 = Debug|Any CPU
		{1D061AD4-CE5B-4578-A5E4-0162DDC9DEAE}.Debug|iPhone.ActiveCfg = Debug|Any CPU
		{1D061AD4-CE5B-4578-A5E4-0162DDC9DEAE}.Debug|iPhone.Build.0 = Debug|Any CPU
		{1D061AD4-CE5B-4578-A5E4-0162DDC9DEAE}.Debug|iPhone.Deploy.0 = Debug|Any CPU
		{1D061AD4-CE5B-4578-A5E4-0162DDC9DEAE}.Debug|iPhoneSimulator.ActiveCfg = Debug|Any CPU
		{1D061AD4-CE5B-4578-A5E4-0162DDC9DEAE}.Debug|iPhoneSimulator.Build.0 = Debug|Any CPU
		{1D061AD4-CE5B-4578-A5E4-0162DDC9DEAE}.Debug|iPhoneSimulator.Deploy.0 = Debug|Any CPU
		{1D061AD4-CE5B-4578-A5E4-0162DDC9DEAE}.Release|Any CPU.ActiveCfg = Release|Any CPU
		{1D061AD4-CE5B-4578-A5E4-0162DDC9DEAE}.Release|Any CPU.Build.0 = Release|Any CPU
		{1D061AD4-CE5B-4578-A5E4-0162DDC9DEAE}.Release|Any CPU.Deploy.0 = Release|Any CPU
		{1D061AD4-CE5B-4578-A5E4-0162DDC9DEAE}.Release|iPhone.ActiveCfg = Release|Any CPU
		{1D061AD4-CE5B-4578-A5E4-0162DDC9DEAE}.Release|iPhone.Build.0 = Release|Any CPU
		{1D061AD4-CE5B-4578-A5E4-0162DDC9DEAE}.Release|iPhone.Deploy.0 = Release|Any CPU
		{1D061AD4-CE5B-4578-A5E4-0162DDC9DEAE}.Release|iPhoneSimulator.ActiveCfg = Release|Any CPU
		{1D061AD4-CE5B-4578-A5E4-0162DDC9DEAE}.Release|iPhoneSimulator.Build.0 = Release|Any CPU
		{1D061AD4-CE5B-4578-A5E4-0162DDC9DEAE}.Release|iPhoneSimulator.Deploy.0 = Release|Any CPU
		{62EB96C0-01F2-456F-A444-5325DAFE5E12}.Ad-Hoc|Any CPU.ActiveCfg = Ad-Hoc|iPhone
		{62EB96C0-01F2-456F-A444-5325DAFE5E12}.Ad-Hoc|iPhone.ActiveCfg = Ad-Hoc|iPhone
		{62EB96C0-01F2-456F-A444-5325DAFE5E12}.Ad-Hoc|iPhone.Build.0 = Ad-Hoc|iPhone
		{62EB96C0-01F2-456F-A444-5325DAFE5E12}.Ad-Hoc|iPhoneSimulator.ActiveCfg = Ad-Hoc|iPhoneSimulator
		{62EB96C0-01F2-456F-A444-5325DAFE5E12}.Ad-Hoc|iPhoneSimulator.Build.0 = Ad-Hoc|iPhoneSimulator
		{62EB96C0-01F2-456F-A444-5325DAFE5E12}.AppStore|Any CPU.ActiveCfg = AppStore|iPhone
		{62EB96C0-01F2-456F-A444-5325DAFE5E12}.AppStore|iPhone.ActiveCfg = AppStore|iPhone
		{62EB96C0-01F2-456F-A444-5325DAFE5E12}.AppStore|iPhone.Build.0 = AppStore|iPhone
		{62EB96C0-01F2-456F-A444-5325DAFE5E12}.AppStore|iPhoneSimulator.ActiveCfg = AppStore|iPhoneSimulator
		{62EB96C0-01F2-456F-A444-5325DAFE5E12}.AppStore|iPhoneSimulator.Build.0 = AppStore|iPhoneSimulator
		{62EB96C0-01F2-456F-A444-5325DAFE5E12}.Debug|Any CPU.ActiveCfg = Debug|iPhone
		{62EB96C0-01F2-456F-A444-5325DAFE5E12}.Debug|iPhone.ActiveCfg = Debug|iPhone
		{62EB96C0-01F2-456F-A444-5325DAFE5E12}.Debug|iPhone.Build.0 = Debug|iPhone
		{62EB96C0-01F2-456F-A444-5325DAFE5E12}.Debug|iPhoneSimulator.ActiveCfg = Debug|iPhoneSimulator
		{62EB96C0-01F2-456F-A444-5325DAFE5E12}.Debug|iPhoneSimulator.Build.0 = Debug|iPhoneSimulator
		{62EB96C0-01F2-456F-A444-5325DAFE5E12}.Release|Any CPU.ActiveCfg = Release|iPhone
		{62EB96C0-01F2-456F-A444-5325DAFE5E12}.Release|iPhone.ActiveCfg = Release|iPhone
		{62EB96C0-01F2-456F-A444-5325DAFE5E12}.Release|iPhone.Build.0 = Release|iPhone
		{62EB96C0-01F2-456F-A444-5325DAFE5E12}.Release|iPhoneSimulator.ActiveCfg = Release|iPhoneSimulator
		{62EB96C0-01F2-456F-A444-5325DAFE5E12}.Release|iPhoneSimulator.Build.0 = Release|iPhoneSimulator
		{40BB371D-9173-497D-9491-423C5076CD25}.Ad-Hoc|Any CPU.ActiveCfg = Debug|Any CPU
		{40BB371D-9173-497D-9491-423C5076CD25}.Ad-Hoc|Any CPU.Build.0 = Debug|Any CPU
		{40BB371D-9173-497D-9491-423C5076CD25}.Ad-Hoc|iPhone.ActiveCfg = Debug|Any CPU
		{40BB371D-9173-497D-9491-423C5076CD25}.Ad-Hoc|iPhone.Build.0 = Debug|Any CPU
		{40BB371D-9173-497D-9491-423C5076CD25}.Ad-Hoc|iPhoneSimulator.ActiveCfg = Debug|Any CPU
		{40BB371D-9173-497D-9491-423C5076CD25}.Ad-Hoc|iPhoneSimulator.Build.0 = Debug|Any CPU
		{40BB371D-9173-497D-9491-423C5076CD25}.AppStore|Any CPU.ActiveCfg = Debug|Any CPU
		{40BB371D-9173-497D-9491-423C5076CD25}.AppStore|Any CPU.Build.0 = Debug|Any CPU
		{40BB371D-9173-497D-9491-423C5076CD25}.AppStore|iPhone.ActiveCfg = Debug|Any CPU
		{40BB371D-9173-497D-9491-423C5076CD25}.AppStore|iPhone.Build.0 = Debug|Any CPU
		{40BB371D-9173-497D-9491-423C5076CD25}.AppStore|iPhoneSimulator.ActiveCfg = Debug|Any CPU
		{40BB371D-9173-497D-9491-423C5076CD25}.AppStore|iPhoneSimulator.Build.0 = Debug|Any CPU
		{40BB371D-9173-497D-9491-423C5076CD25}.Debug|Any CPU.ActiveCfg = Debug|Any CPU
		{40BB371D-9173-497D-9491-423C5076CD25}.Debug|Any CPU.Build.0 = Debug|Any CPU
		{40BB371D-9173-497D-9491-423C5076CD25}.Debug|iPhone.ActiveCfg = Debug|Any CPU
		{40BB371D-9173-497D-9491-423C5076CD25}.Debug|iPhone.Build.0 = Debug|Any CPU
		{40BB371D-9173-497D-9491-423C5076CD25}.Debug|iPhoneSimulator.ActiveCfg = Debug|Any CPU
		{40BB371D-9173-497D-9491-423C5076CD25}.Debug|iPhoneSimulator.Build.0 = Debug|Any CPU
		{40BB371D-9173-497D-9491-423C5076CD25}.Release|Any CPU.ActiveCfg = Release|Any CPU
		{40BB371D-9173-497D-9491-423C5076CD25}.Release|Any CPU.Build.0 = Release|Any CPU
		{40BB371D-9173-497D-9491-423C5076CD25}.Release|iPhone.ActiveCfg = Release|Any CPU
		{40BB371D-9173-497D-9491-423C5076CD25}.Release|iPhone.Build.0 = Release|Any CPU
		{40BB371D-9173-497D-9491-423C5076CD25}.Release|iPhoneSimulator.ActiveCfg = Release|Any CPU
		{40BB371D-9173-497D-9491-423C5076CD25}.Release|iPhoneSimulator.Build.0 = Release|Any CPU
	EndGlobalSection
	GlobalSection(SolutionProperties) = preSolution
		HideSolutionNode = FALSE
	EndGlobalSection
	GlobalSection(ExtensibilityGlobals) = postSolution
		SolutionGuid = {C0A651B2-9E6A-465A-A9CE-E0745CBF0FA6}
	EndGlobalSection
EndGlobal
